
Microsoft Visual Studio Solution File, Format Version 12.00
# Visual Studio Version 17
VisualStudioVersion = 17.4.33213.308
MinimumVisualStudioVersion = 10.0.40219.1
Project("{FAE04EC0-301F-11D3-BF4B-00C04F79EFBC}") = "CurrencyAPI", "CurrencyAPI\CurrencyAPI.csproj", "{13ECB5F6-C86E-415E-BA3A-3B5E8C61560E}"
EndProject
Project("{FAE04EC0-301F-11D3-BF4B-00C04F79EFBC}") = "Business", "Business\Business.csproj", "{6A48D27E-03C8-4107-9C27-5B2EAFCF96C1}"
EndProject
Project("{FAE04EC0-301F-11D3-BF4B-00C04F79EFBC}") = "DataAccess", "DataAccess\DataAccess.csproj", "{61BE5C1B-5C29-4C0D-AD1B-E9658D4F7399}"
EndProject
Project("{FAE04EC0-301F-11D3-BF4B-00C04F79EFBC}") = "Entities", "Entities\Entities.csproj", "{40DDADC7-1A9F-464F-B709-E04C72A82172}"
EndProject
Project("{FAE04EC0-301F-11D3-BF4B-00C04F79EFBC}") = "Core", "Core\Core.csproj", "{2A702A4C-D502-4F72-838A-6EDBAF3F0B0C}"
EndProject
Global
	GlobalSection(SolutionConfigurationPlatforms) = preSolution
		Debug|Any CPU = Debug|Any CPU
		Release|Any CPU = Release|Any CPU
	EndGlobalSection
	GlobalSection(ProjectConfigurationPlatforms) = postSolution
		{13ECB5F6-C86E-415E-BA3A-3B5E8C61560E}.Debug|Any CPU.ActiveCfg = Debug|Any CPU
		{13ECB5F6-C86E-415E-BA3A-3B5E8C61560E}.Debug|Any CPU.Build.0 = Debug|Any CPU
		{13ECB5F6-C86E-415E-BA3A-3B5E8C61560E}.Release|Any CPU.ActiveCfg = Release|Any CPU
		{13ECB5F6-C86E-415E-BA3A-3B5E8C61560E}.Release|Any CPU.Build.0 = Release|Any CPU
		{6A48D27E-03C8-4107-9C27-5B2EAFCF96C1}.Debug|Any CPU.ActiveCfg = Debug|Any CPU
		{6A48D27E-03C8-4107-9C27-5B2EAFCF96C1}.Debug|Any CPU.Build.0 = Debug|Any CPU
		{6A48D27E-03C8-4107-9C27-5B2EAFCF96C1}.Release|Any CPU.ActiveCfg = Release|Any CPU
		{6A48D27E-03C8-4107-9C27-5B2EAFCF96C1}.Release|Any CPU.Build.0 = Release|Any CPU
		{61BE5C1B-5C29-4C0D-AD1B-E9658D4F7399}.Debug|Any CPU.ActiveCfg = Debug|Any CPU
		{61BE5C1B-5C29-4C0D-AD1B-E9658D4F7399}.Debug|Any CPU.Build.0 = Debug|Any CPU
		{61BE5C1B-5C29-4C0D-AD1B-E9658D4F7399}.Release|Any CPU.ActiveCfg = Release|Any CPU
		{61BE5C1B-5C29-4C0D-AD1B-E9658D4F7399}.Release|Any CPU.Build.0 = Release|Any CPU
		{40DDADC7-1A9F-464F-B709-E04C72A82172}.Debug|Any CPU.ActiveCfg = Debug|Any CPU
		{40DDADC7-1A9F-464F-B709-E04C72A82172}.Debug|Any CPU.Build.0 = Debug|Any CPU
		{40DDADC7-1A9F-464F-B709-E04C72A82172}.Release|Any CPU.ActiveCfg = Release|Any CPU
		{40DDADC7-1A9F-464F-B709-E04C72A82172}.Release|Any CPU.Build.0 = Release|Any CPU
		{2A702A4C-D502-4F72-838A-6EDBAF3F0B0C}.Debug|Any CPU.ActiveCfg = Debug|Any CPU
		{2A702A4C-D502-4F72-838A-6EDBAF3F0B0C}.Debug|Any CPU.Build.0 = Debug|Any CPU
		{2A702A4C-D502-4F72-838A-6EDBAF3F0B0C}.Release|Any CPU.ActiveCfg = Release|Any CPU
		{2A702A4C-D502-4F72-838A-6EDBAF3F0B0C}.Release|Any CPU.Build.0 = Release|Any CPU
	EndGlobalSection
	GlobalSection(SolutionProperties) = preSolution
		HideSolutionNode = FALSE
	EndGlobalSection
	GlobalSection(ExtensibilityGlobals) = postSolution
		SolutionGuid = {AC286246-6A4F-4F46-9F31-0458D288AED3}
	EndGlobalSection
EndGlobal
